
Microsoft Visual Studio Solution File, Format Version 12.00
# Visual Studio Version 17
VisualStudioVersion = 17.11.35303.130
MinimumVisualStudioVersion = 10.0.40219.1
Project("{888888A0-9F3D-457C-B088-3A5042F75D52}") = "Ping-Pong", "Ping-Pong\Ping-Pong.pyproj", "{442F78DD-2E2D-4E2A-97FC-3B3402277487}"
EndProject
Global
	GlobalSection(SolutionConfigurationPlatforms) = preSolution
		Debug|Any CPU = Debug|Any CPU
		Release|Any CPU = Release|Any CPU
	EndGlobalSection
	GlobalSection(ProjectConfigurationPlatforms) = postSolution
		{442F78DD-2E2D-4E2A-97FC-3B3402277487}.Debug|Any CPU.ActiveCfg = Debug|Any CPU
		{442F78DD-2E2D-4E2A-97FC-3B3402277487}.Release|Any CPU.ActiveCfg = Release|Any CPU
	EndGlobalSection
	GlobalSection(SolutionProperties) = preSolution
		HideSolutionNode = FALSE
	EndGlobalSection
	GlobalSection(ExtensibilityGlobals) = postSolution
		SolutionGuid = {CE8A4C60-7D6C-4545-9BDE-B66EA57E1D99}
	EndGlobalSection
EndGlobal
